Microsoft Visual Studio Solution File, Format Version 12.00
# Visual Studio Version 17
VisualStudioVersion = 17.5.2.0
MinimumVisualStudioVersion = 10.0.40219.1
Project("{FAE04EC0-301F-11D3-BF4B-00C04F79EFBC}") = "baitapcaudk1", "baitapcaudk1.csproj", "{894FDA1B-1C3C-A37E-0713-CD29C9C17E7A}"
EndProject
Global
	GlobalSection(SolutionConfigurationPlatforms) = preSolution
		Debug|Any CPU = Debug|Any CPU
		Release|Any CPU = Release|Any CPU
	EndGlobalSection
	GlobalSection(ProjectConfigurationPlatforms) = postSolution
		{894FDA1B-1C3C-A37E-0713-CD29C9C17E7A}.Debug|Any CPU.ActiveCfg = Debug|Any CPU
		{894FDA1B-1C3C-A37E-0713-CD29C9C17E7A}.Debug|Any CPU.Build.0 = Debug|Any CPU
		{894FDA1B-1C3C-A37E-0713-CD29C9C17E7A}.Release|Any CPU.ActiveCfg = Release|Any CPU
		{894FDA1B-1C3C-A37E-0713-CD29C9C17E7A}.Release|Any CPU.Build.0 = Release|Any CPU
	EndGlobalSection
	GlobalSection(SolutionProperties) = preSolution
		HideSolutionNode = FALSE
	EndGlobalSection
	GlobalSection(ExtensibilityGlobals) = postSolution
		SolutionGuid = {3EEE5914-2D6A-4762-BDD3-42E041C97A52}
	EndGlobalSection
EndGlobal
